
Microsoft Visual Studio Solution File, Format Version 12.00
Project("{2150E333-8FDC-42A3-9474-1A3956D46DE8}") = "2021", "2021", "{F92BE61F-2973-49A5-A2CC-A891C8F2D290}"
EndProject
Project("{FAE04EC0-301F-11D3-BF4B-00C04F79EFBC}") = "Helpers", "Helpers\Helpers.csproj", "{3F2B4A72-66EB-4097-B3A5-C364344896A3}"
EndProject
Project("{FAE04EC0-301F-11D3-BF4B-00C04F79EFBC}") = "Day1", "Day1\Day1.csproj", "{8010CA26-DA69-4BE5-B81C-D7B4DFE7452F}"
EndProject
Project("{FAE04EC0-301F-11D3-BF4B-00C04F79EFBC}") = "Template", "Template\Template.csproj", "{347E476F-AC11-4FB7-B84C-041A18851F6A}"
EndProject
Project("{FAE04EC0-301F-11D3-BF4B-00C04F79EFBC}") = "Day2", "Day2\Day2.csproj", "{9C21A56E-E3D8-4150-BD41-80770FCA991A}"
EndProject
Global
	GlobalSection(SolutionConfigurationPlatforms) = preSolution
		Debug|Any CPU = Debug|Any CPU
		Release|Any CPU = Release|Any CPU
	EndGlobalSection
	GlobalSection(ProjectConfigurationPlatforms) = postSolution
		{3F2B4A72-66EB-4097-B3A5-C364344896A3}.Debug|Any CPU.ActiveCfg = Debug|Any CPU
		{3F2B4A72-66EB-4097-B3A5-C364344896A3}.Debug|Any CPU.Build.0 = Debug|Any CPU
		{3F2B4A72-66EB-4097-B3A5-C364344896A3}.Release|Any CPU.ActiveCfg = Release|Any CPU
		{3F2B4A72-66EB-4097-B3A5-C364344896A3}.Release|Any CPU.Build.0 = Release|Any CPU
		{8010CA26-DA69-4BE5-B81C-D7B4DFE7452F}.Debug|Any CPU.ActiveCfg = Debug|Any CPU
		{8010CA26-DA69-4BE5-B81C-D7B4DFE7452F}.Debug|Any CPU.Build.0 = Debug|Any CPU
		{8010CA26-DA69-4BE5-B81C-D7B4DFE7452F}.Release|Any CPU.ActiveCfg = Release|Any CPU
		{8010CA26-DA69-4BE5-B81C-D7B4DFE7452F}.Release|Any CPU.Build.0 = Release|Any CPU
		{347E476F-AC11-4FB7-B84C-041A18851F6A}.Debug|Any CPU.ActiveCfg = Debug|Any CPU
		{347E476F-AC11-4FB7-B84C-041A18851F6A}.Debug|Any CPU.Build.0 = Debug|Any CPU
		{347E476F-AC11-4FB7-B84C-041A18851F6A}.Release|Any CPU.ActiveCfg = Release|Any CPU
		{347E476F-AC11-4FB7-B84C-041A18851F6A}.Release|Any CPU.Build.0 = Release|Any CPU
		{9C21A56E-E3D8-4150-BD41-80770FCA991A}.Debug|Any CPU.ActiveCfg = Debug|Any CPU
		{9C21A56E-E3D8-4150-BD41-80770FCA991A}.Debug|Any CPU.Build.0 = Debug|Any CPU
		{9C21A56E-E3D8-4150-BD41-80770FCA991A}.Release|Any CPU.ActiveCfg = Release|Any CPU
		{9C21A56E-E3D8-4150-BD41-80770FCA991A}.Release|Any CPU.Build.0 = Release|Any CPU
	EndGlobalSection
	GlobalSection(NestedProjects) = preSolution
		{3F2B4A72-66EB-4097-B3A5-C364344896A3} = {F92BE61F-2973-49A5-A2CC-A891C8F2D290}
		{8010CA26-DA69-4BE5-B81C-D7B4DFE7452F} = {F92BE61F-2973-49A5-A2CC-A891C8F2D290}
		{347E476F-AC11-4FB7-B84C-041A18851F6A} = {F92BE61F-2973-49A5-A2CC-A891C8F2D290}
		{9C21A56E-E3D8-4150-BD41-80770FCA991A} = {F92BE61F-2973-49A5-A2CC-A891C8F2D290}
	EndGlobalSection
EndGlobal
